github.com/pg9182/tf2lzham v0.0.3 h1:XAvynu7PqBh9ExtDA3Je48QMXmWJE3hsl5A1PYSaRp8=
github.com/pg9182/tf2lzham v0.0.3/go.mod h1:IWz60zIeLX3Kd1Z7XE9RbqNbZiXxOvcF6H9sz5yVFUU=
github.com/spf13/pflag v1.0.5 h1:iy+VFUOCP1a+8yFto/drg2CJ5u0yRoB7fZw3DKv/JXA=
github.com/spf13/pflag v1.0.5/go.mod h1:McXfInJRrz4CZXVZOBLb0bTZqETkiAhM9Iw0y3An2Bg=
